// !$*UTF8*$!
{
	archiveVersion = 1;
	classes = {
	};
	objectVersion = 46;
	objects = {

/* Begin PBXBuildFile section */
		3CE6E3E01BC024F200A3DC8A /* main.m in Sources */ = {isa = PBXBuildFile; fileRef = 3CE6E3DF1BC024F200A3DC8A /* main.m */; };
		3CE6E3E31BC024F200A3DC8A /* AppDelegate.m in Sources */ = {isa = PBXBuildFile; fileRef = 3CE6E3E21BC024F200A3DC8A /* AppDelegate.m */; };
		3CE6E3E61BC024F200A3DC8A /* ViewController.m in Sources */ = {isa = PBXBuildFile; fileRef = 3CE6E3E51BC024F200A3DC8A /* ViewController.m */; };
		3CE6E3E91BC024F200A3DC8A /* Main.storyboard in Resources */ = {isa = PBXBuildFile; fileRef = 3CE6E3E71BC024F200A3DC8A /* Main.storyboard */; };
		3CE6E3EB1BC024F200A3DC8A /* Assets.xcassets in Resources */ = {isa = PBXBuildFile; fileRef = 3CE6E3EA1BC024F200A3DC8A /* Assets.xcassets */; };
		3CE6E3EE1BC024F200A3DC8A /* LaunchScreen.storyboard in Resources */ = {isa = PBXBuildFile; fileRef = 3CE6E3EC1BC024F200A3DC8A /* LaunchScreen.storyboard */; };
		3CE6E3F91BC024F200A3DC8A /* DragProject____Tests.m in Sources */ = {isa = PBXBuildFile; fileRef = 3CE6E3F81BC024F200A3DC8A /* DragProject____Tests.m */; };
		3CE6E4041BC024F200A3DC8A /* DragProject____UITests.m in Sources */ = {isa = PBXBuildFile; fileRef = 3CE6E4031BC024F200A3DC8A /* DragProject____UITests.m */; };
/* End PBXBuildFile section */

/* Begin PBXContainerItemProxy section */
		3CE6E3F51BC024F200A3DC8A /* PBXContainerItemProxy */ = {
			isa = PBXContainerItemProxy;
			containerPortal = 3CE6E3D31BC024F200A3DC8A /* Project object */;
			proxyType = 1;
			remoteGlobalIDString = 3CE6E3DA1BC024F200A3DC8A;
			remoteInfo = "DragProject(拖拽)";
		};
		3CE6E4001BC024F200A3DC8A /* PBXContainerItemProxy */ = {
			isa = PBXContainerItemProxy;
			containerPortal = 3CE6E3D31BC024F200A3DC8A /* Project object */;
			proxyType = 1;
			remoteGlobalIDString = 3CE6E3DA1BC024F200A3DC8A;
			remoteInfo = "DragProject(拖拽)";
		};
/* End PBXContainerItemProxy section */

/* Begin PBXFileReference section */
		3CE6E3DB1BC024F200A3DC8A /* DragProject(拖拽).app */ = {isa = PBXFileReference; explicitFileType = wrapper.application; includeInIndex = 0; path = "DragProject(拖拽).app"; sourceTree = BUILT_PRODUCTS_DIR; };
		3CE6E3DF1BC024F200A3DC8A /* main.m */ = {isa = PBXFileReference; lastKnownFileType = sourcecode.c.objc; path = main.m; sourceTree = "<group>"; };
		3CE6E3E11BC024F200A3DC8A /* AppDelegate.h */ = {isa = PBXFileReference; lastKnownFileType = sourcecode.c.h; path = AppDelegate.h; sourceTree = "<group>"; };
		3CE6E3E21BC024F200A3DC8A /* AppDelegate.m */ = {isa = PBXFileReference; lastKnownFileType = sourcecode.c.objc; path = AppDelegate.m; sourceTree = "<group>"; };
		3CE6E3E41BC024F200A3DC8A /* ViewController.h */ = {isa = PBXFileReference; lastKnownFileType = sourcecode.c.h; path = ViewController.h; sourceTree = "<group>"; };
		3CE6E3E51BC024F200A3DC8A /* ViewController.m */ = {isa = PBXFileReference; lastKnownFileType = sourcecode.c.objc; path = ViewController.m; sourceTree = "<group>"; };
		3CE6E3E81BC024F200A3DC8A /* Base */ = {isa = PBXFileReference; lastKnownFileType = file.storyboard; name = Base; path = Base.lproj/Main.storyboard; sourceTree = "<group>"; };
		3CE6E3EA1BC024F200A3DC8A /* Assets.xcassets */ = {isa = PBXFileReference; lastKnownFileType = folder.assetcatalog; path = Assets.xcassets; sourceTree = "<group>"; };
		3CE6E3ED1BC024F200A3DC8A /* Base */ = {isa = PBXFileReference; lastKnownFileType = file.storyboard; name = Base; path = Base.lproj/LaunchScreen.storyboard; sourceTree = "<group>"; };
		3CE6E3EF1BC024F200A3DC8A /* Info.plist */ = {isa = PBXFileReference; lastKnownFileType = text.plist.xml; path = Info.plist; sourceTree = "<group>"; };
		3CE6E3F41BC024F200A3DC8A /* DragProject(拖拽)Tests.xctest */ = {isa = PBXFileReference; explicitFileType = wrapper.cfbundle; includeInIndex = 0; path = "DragProject(拖拽)Tests.xctest"; sourceTree = BUILT_PRODUCTS_DIR; };
		3CE6E3F81BC024F200A3DC8A /* DragProject____Tests.m */ = {isa = PBXFileReference; lastKnownFileType = sourcecode.c.objc; path = "DragProject____Tests.m"; sourceTree = "<group>"; };
		3CE6E3FA1BC024F200A3DC8A /* Info.plist */ = {isa = PBXFileReference; lastKnownFileType = text.plist.xml; path = Info.plist; sourceTree = "<group>"; };
		3CE6E3FF1BC024F200A3DC8A /* DragProject(拖拽)UITests.xctest */ = {isa = PBXFileReference; explicitFileType = wrapper.cfbundle; includeInIndex = 0; path = "DragProject(拖拽)UITests.xctest"; sourceTree = BUILT_PRODUCTS_DIR; };
		3CE6E4031BC024F200A3DC8A /* DragProject____UITests.m */ = {isa = PBXFileReference; lastKnownFileType = sourcecode.c.objc; path = "DragProject____UITests.m"; sourceTree = "<group>"; };
		3CE6E4051BC024F200A3DC8A /* Info.plist */ = {isa = PBXFileReference; lastKnownFileType = text.plist.xml; path = Info.plist; sourceTree = "<group>"; };
/* End PBXFileReference section */

/* Begin PBXFrameworksBuildPhase section */
		3CE6E3D81BC024F200A3DC8A /* Frameworks */ = {
			isa = PBXFrameworksBuildPhase;
			buildActionMask = 2147483647;
			files = (
			);
			runOnlyForDeploymentPostprocessing = 0;
		};
		3CE6E3F11BC024F200A3DC8A /* Frameworks */ = {
			isa = PBXFrameworksBuildPhase;
			buildActionMask = 2147483647;
			files = (
			);
			runOnlyForDeploymentPostprocessing = 0;
		};
		3CE6E3FC1BC024F200A3DC8A /* Frameworks */ = {
			isa = PBXFrameworksBuildPhase;
			buildActionMask = 2147483647;
			files = (
			);
			runOnlyForDeploymentPostprocessing = 0;
		};
/* End PBXFrameworksBuildPhase section */

/* Begin PBXGroup section */
		3CE6E3D21BC024F200A3DC8A = {
			isa = PBXGroup;
			children = (
				3CE6E3DD1BC024F200A3DC8A /* DragProject(拖拽) */,
				3CE6E3F71BC024F200A3DC8A /* DragProject(拖拽)Tests */,
				3CE6E4021BC024F200A3DC8A /* DragProject(拖拽)UITests */,
				3CE6E3DC1BC024F200A3DC8A /* Products */,
			);
			sourceTree = "<group>";
		};
		3CE6E3DC1BC024F200A3DC8A /* Products */ = {
			isa = PBXGroup;
			children = (
				3CE6E3DB1BC024F200A3DC8A /* DragProject(拖拽).app */,
				3CE6E3F41BC024F200A3DC8A /* DragProject(拖拽)Tests.xctest */,
				3CE6E3FF1BC024F200A3DC8A /* DragProject(拖拽)UITests.xctest */,
			);
			name = Products;
			sourceTree = "<group>";
		};
		3CE6E3DD1BC024F200A3DC8A /* DragProject(拖拽) */ = {
			isa = PBXGroup;
			children = (
				3CE6E3E11BC024F200A3DC8A /* AppDelegate.h */,
				3CE6E3E21BC024F200A3DC8A /* AppDelegate.m */,
				3CE6E3E41BC024F200A3DC8A /* ViewController.h */,
				3CE6E3E51BC024F200A3DC8A /* ViewController.m */,
				3CE6E3E71BC024F200A3DC8A /* Main.storyboard */,
				3CE6E3EA1BC024F200A3DC8A /* Assets.xcassets */,
				3CE6E3EC1BC024F200A3DC8A /* LaunchScreen.storyboard */,
				3CE6E3EF1BC024F200A3DC8A /* Info.plist */,
				3CE6E3DE1BC024F200A3DC8A /* Supporting Files */,
			);
			path = "DragProject(拖拽)";
			sourceTree = "<group>";
		};
		3CE6E3DE1BC024F200A3DC8A /* Supporting Files */ = {
			isa = PBXGroup;
			children = (
				3CE6E3DF1BC024F200A3DC8A /* main.m */,
			);
			name = "Supporting Files";
			sourceTree = "<group>";
		};
		3CE6E3F71BC024F200A3DC8A /* DragProject(拖拽)Tests */ = {
			isa = PBXGroup;
			children = (
				3CE6E3F81BC024F200A3DC8A /* DragProject____Tests.m */,
				3CE6E3FA1BC024F200A3DC8A /* Info.plist */,
			);
			path = "DragProject(拖拽)Tests";
			sourceTree = "<group>";
		};
		3CE6E4021BC024F200A3DC8A /* DragProject(拖拽)UITests */ = {
			isa = PBXGroup;
			children = (
				3CE6E4031BC024F200A3DC8A /* DragProject____UITests.m */,
				3CE6E4051BC024F200A3DC8A /* Info.plist */,
			);
			path = "DragProject(拖拽)UITests";
			sourceTree = "<group>";
		};
/* End PBXGroup section */

/* Begin PBXNativeTarget section */
		3CE6E3DA1BC024F200A3DC8A /* DragProject(拖拽) */ = {
			isa = PBXNativeTarget;
			buildConfigurationList = 3CE6E4081BC024F200A3DC8A /* Build configuration list for PBXNativeTarget "DragProject(拖拽)" */;
			buildPhases = (
				3CE6E3D71BC024F200A3DC8A /* Sources */,
				3CE6E3D81BC024F200A3DC8A /* Frameworks */,
				3CE6E3D91BC024F200A3DC8A /* Resources */,
			);
			buildRules = (
			);
			dependencies = (
			);
			name = "DragProject(拖拽)";
			productName = "DragProject(拖拽)";
			productReference = 3CE6E3DB1BC024F200A3DC8A /* DragProject(拖拽).app */;
			productType = "com.apple.product-type.application";
		};
		3CE6E3F31BC024F200A3DC8A /* DragProject(拖拽)Tests */ = {
			isa = PBXNativeTarget;
			buildConfigurationList = 3CE6E40B1BC024F200A3DC8A /* Build configuration list for PBXNativeTarget "DragProject(拖拽)Tests" */;
			buildPhases = (
				3CE6E3F01BC024F200A3DC8A /* Sources */,
				3CE6E3F11BC024F200A3DC8A /* Frameworks */,
				3CE6E3F21BC024F200A3DC8A /* Resources */,
			);
			buildRules = (
			);
			dependencies = (
				3CE6E3F61BC024F200A3DC8A /* PBXTargetDependency */,
			);
			name = "DragProject(拖拽)Tests";
			productName = "DragProject(拖拽)Tests";
			productReference = 3CE6E3F41BC024F200A3DC8A /* DragProject(拖拽)Tests.xctest */;
			productType = "com.apple.product-type.bundle.unit-test";
		};
		3CE6E3FE1BC024F200A3DC8A /* DragProject(拖拽)UITests */ = {
			isa = PBXNativeTarget;
			buildConfigurationList = 3CE6E40E1BC024F200A3DC8A /* Build configuration list for PBXNativeTarget "DragProject(拖拽)UITests" */;
			buildPhases = (
				3CE6E3FB1BC024F200A3DC8A /* Sources */,
				3CE6E3FC1BC024F200A3DC8A /* Frameworks */,
				3CE6E3FD1BC024F200A3DC8A /* Resources */,
			);
			buildRules = (
			);
			dependencies = (
				3CE6E4011BC024F200A3DC8A /* PBXTargetDependency */,
			);
			name = "DragProject(拖拽)UITests";
			productName = "DragProject(拖拽)UITests";
			productReference = 3CE6E3FF1BC024F200A3DC8A /* DragProject(拖拽)UITests.xctest */;
			productType = "com.apple.product-type.bundle.ui-testing";
		};
/* End PBXNativeTarget section */

/* Begin PBXProject section */
		3CE6E3D31BC024F200A3DC8A /* Project object */ = {
			isa = PBXProject;
			attributes = {
				LastUpgradeCheck = 0700;
				ORGANIZATIONNAME = AmberWhiteSky;
				TargetAttributes = {
					3CE6E3DA1BC024F200A3DC8A = {
						CreatedOnToolsVersion = 7.0.1;
					};
					3CE6E3F31BC024F200A3DC8A = {
						CreatedOnToolsVersion = 7.0.1;
						DevelopmentTeam = 8RPK9DE62C;
						TestTargetID = 3CE6E3DA1BC024F200A3DC8A;
					};
					3CE6E3FE1BC024F200A3DC8A = {
						CreatedOnToolsVersion = 7.0.1;
						DevelopmentTeam = 8RPK9DE62C;
						TestTargetID = 3CE6E3DA1BC024F200A3DC8A;
					};
				};
			};
			buildConfigurationList = 3CE6E3D61BC024F200A3DC8A /* Build configuration list for PBXProject "DragProject(拖拽)" */;
			compatibilityVersion = "Xcode 3.2";
			developmentRegion = English;
			hasScannedForEncodings = 0;
			knownRegions = (
				en,
				Base,
			);
			mainGroup = 3CE6E3D21BC024F200A3DC8A;
			productRefGroup = 3CE6E3DC1BC024F200A3DC8A /* Products */;
			projectDirPath = "";
			projectRoot = "";
			targets = (
				3CE6E3DA1BC024F200A3DC8A /* DragProject(拖拽) */,
				3CE6E3F31BC024F200A3DC8A /* DragProject(拖拽)Tests */,
				3CE6E3FE1BC024F200A3DC8A /* DragProject(拖拽)UITests */,
			);
		};
/* End PBXProject section */

/* Begin PBXResourcesBuildPhase section */
		3CE6E3D91BC024F200A3DC8A /* Resources */ = {
			isa = PBXResourcesBuildPhase;
			buildActionMask = 2147483647;
			files = (
				3CE6E3EE1BC024F200A3DC8A /* LaunchScreen.storyboard in Resources */,
				3CE6E3EB1BC024F200A3DC8A /* Assets.xcassets in Resources */,
				3CE6E3E91BC024F200A3DC8A /* Main.storyboard in Resources */,
			);
			runOnlyForDeploymentPostprocessing = 0;
		};
		3CE6E3F21BC024F200A3DC8A /* Resources */ = {
			isa = PBXResourcesBuildPhase;
			buildActionMask = 2147483647;
			files = (
			);
			runOnlyForDeploymentPostprocessing = 0;
		};
		3CE6E3FD1BC024F200A3DC8A /* Resources */ = {
			isa = PBXResourcesBuildPhase;
			buildActionMask = 2147483647;
			files = (
			);
			runOnlyForDeploymentPostprocessing = 0;
		};
/* End PBXResourcesBuildPhase section */

/* Begin PBXSourcesBuildPhase section */
		3CE6E3D71BC024F200A3DC8A /* Sources */ = {
			isa = PBXSourcesBuildPhase;
			buildActionMask = 2147483647;
			files = (
				3CE6E3E61BC024F200A3DC8A /* ViewController.m in Sources */,
				3CE6E3E31BC024F200A3DC8A /* AppDelegate.m in Sources */,
				3CE6E3E01BC024F200A3DC8A /* main.m in Sources */,
			);
			runOnlyForDeploymentPostprocessing = 0;
		};
		3CE6E3F01BC024F200A3DC8A /* Sources */ = {
			isa = PBXSourcesBuildPhase;
			buildActionMask = 2147483647;
			files = (
				3CE6E3F91BC024F200A3DC8A /* DragProject____Tests.m in Sources */,
			);
			runOnlyForDeploymentPostprocessing = 0;
		};
		3CE6E3FB1BC024F200A3DC8A /* Sources */ = {
			isa = PBXSourcesBuildPhase;
			buildActionMask = 2147483647;
			files = (
				3CE6E4041BC024F200A3DC8A /* DragProject____UITests.m in Sources */,
			);
			runOnlyForDeploymentPostprocessing = 0;
		};
/* End PBXSourcesBuildPhase section */

/* Begin PBXTargetDependency section */
		3CE6E3F61BC024F200A3DC8A /* PBXTargetDependency */ = {
			isa = PBXTargetDependency;
			target = 3CE6E3DA1BC024F200A3DC8A /* DragProject(拖拽) */;
			targetProxy = 3CE6E3F51BC024F200A3DC8A /* PBXContainerItemProxy */;
		};
		3CE6E4011BC024F200A3DC8A /* PBXTargetDependency */ = {
			isa = PBXTargetDependency;
			target = 3CE6E3DA1BC024F200A3DC8A /* DragProject(拖拽) */;
			targetProxy = 3CE6E4001BC024F200A3DC8A /* PBXContainerItemProxy */;
		};
/* End PBXTargetDependency section */

/* Begin PBXVariantGroup section */
		3CE6E3E71BC024F200A3DC8A /* Main.storyboard */ = {
			isa = PBXVariantGroup;
			children = (
				3CE6E3E81BC024F200A3DC8A /* Base */,
			);
			name = Main.storyboard;
			sourceTree = "<group>";
		};
		3CE6E3EC1BC024F200A3DC8A /* LaunchScreen.storyboard */ = {
			isa = PBXVariantGroup;
			children = (
				3CE6E3ED1BC024F200A3DC8A /* Base */,
			);
			name = LaunchScreen.storyboard;
			sourceTree = "<group>";
		};
/* End PBXVariantGroup section */

/* Begin XCBuildConfiguration section */
		3CE6E4061BC024F200A3DC8A /* Debug */ = {
			isa = XCBuildConfiguration;
			buildSettings = {
				ALWAYS_SEARCH_USER_PATHS = NO;
				CLANG_CXX_LANGUAGE_STANDARD = "gnu++0x";
				CLANG_CXX_LIBRARY = "libc++";
				CLANG_ENABLE_MODULES = YES;
				CLANG_ENABLE_OBJC_ARC = YES;
				CLANG_WARN_BOOL_CONVERSION = YES;
				CLANG_WARN_CONSTANT_CONVERSION = YES;
				CLANG_WARN_DIRECT_OBJC_ISA_USAGE = YES_ERROR;
				CLANG_WARN_EMPTY_BODY = YES;
				CLANG_WARN_ENUM_CONVERSION = YES;
				CLANG_WARN_INT_CONVERSION = YES;
				CLANG_WARN_OBJC_ROOT_CLASS = YES_ERROR;
				CLANG_WARN_UNREACHABLE_CODE = YES;
				CLANG_WARN__DUPLICATE_METHOD_MATCH = YES;
				"CODE_SIGN_IDENTITY[sdk=iphoneos*]" = "iPhone Developer";
				COPY_PHASE_STRIP = NO;
				DEBUG_INFORMATION_FORMAT = dwarf;
				ENABLE_STRICT_OBJC_MSGSEND = YES;
				ENABLE_TESTABILITY = YES;
				GCC_C_LANGUAGE_STANDARD = gnu99;
				GCC_DYNAMIC_NO_PIC = NO;
				GCC_NO_COMMON_BLOCKS = YES;
				GCC_OPTIMIZATION_LEVEL = 0;
				GCC_PREPROCESSOR_DEFINITIONS = (
					"DEBUG=1",
					"$(inherited)",
				);
				GCC_WARN_64_TO_32_BIT_CONVERSION = YES;
				GCC_WARN_ABOUT_RETURN_TYPE = YES_ERROR;
				GCC_WARN_UNDECLARED_SELECTOR = YES;
				GCC_WARN_UNINITIALIZED_AUTOS = YES_AGGRESSIVE;
				GCC_WARN_UNUSED_FUNCTION = YES;
				GCC_WARN_UNUSED_VARIABLE = YES;
				IPHONEOS_DEPLOYMENT_TARGET = 9.0;
				MTL_ENABLE_DEBUG_INFO = YES;
				ONLY_ACTIVE_ARCH = YES;
				SDKROOT = iphoneos;
			};
			name = Debug;
		};
		3CE6E4071BC024F200A3DC8A /* Release */ = {
			isa = XCBuildConfiguration;
			buildSettings = {
				ALWAYS_SEARCH_USER_PATHS = NO;
				CLANG_CXX_LANGUAGE_STANDARD = "gnu++0x";
				CLANG_CXX_LIBRARY = "libc++";
				CLANG_ENABLE_MODULES = YES;
				CLANG_ENABLE_OBJC_ARC = YES;
				CLANG_WARN_BOOL_CONVERSION = YES;
				CLANG_WARN_CONSTANT_CONVERSION = YES;
				CLANG_WARN_DIRECT_OBJC_ISA_USAGE = YES_ERROR;
				CLANG_WARN_EMPTY_BODY = YES;
				CLANG_WARN_ENUM_CONVERSION = YES;
				CLANG_WARN_INT_CONVERSION = YES;
				CLANG_WARN_OBJC_ROOT_CLASS = YES_ERROR;
				CLANG_WARN_UNREACHABLE_CODE = YES;
				CLANG_WARN__DUPLICATE_METHOD_MATCH = YES;
				"CODE_SIGN_IDENTITY[sdk=iphoneos*]" = "iPhone Developer";
				COPY_PHASE_STRIP = NO;
				DEBUG_INFORMATION_FORMAT = "dwarf-with-dsym";
				ENABLE_NS_ASSERTIONS = NO;
				ENABLE_STRICT_OBJC_MSGSEND = YES;
				GCC_C_LANGUAGE_STANDARD = gnu99;
				GCC_NO_COMMON_BLOCKS = YES;
				GCC_WARN_64_TO_32_BIT_CONVERSION = YES;
				GCC_WARN_ABOUT_RETURN_TYPE = YES_ERROR;
				GCC_WARN_UNDECLARED_SELECTOR = YES;
				GCC_WARN_UNINITIALIZED_AUTOS = YES_AGGRESSIVE;
				GCC_WARN_UNUSED_FUNCTION = YES;
				GCC_WARN_UNUSED_VARIABLE = YES;
				IPHONEOS_DEPLOYMENT_TARGET = 9.0;
				MTL_ENABLE_DEBUG_INFO = NO;
				SDKROOT = iphoneos;
				VALIDATE_PRODUCT = YES;
			};
			name = Release;
		};
		3CE6E4091BC024F200A3DC8A /* Debug */ = {
			isa = XCBuildConfiguration;
			buildSettings = {
				ASSETCATALOG_COMPILER_APPICON_NAME = AppIcon;
				CODE_SIGN_IDENTITY = "iPhone Developer";
				INFOPLIST_FILE = "DragProject(拖拽)/Info.plist";
				LD_RUNPATH_SEARCH_PATHS = "$(inherited) @executable_path/Frameworks";
				PRODUCT_BUNDLE_IDENTIFIER = "com.amberwhitesky-163.com.DragProject----";
				PRODUCT_NAME = "$(TARGET_NAME)";
			};
			name = Debug;
		};
		3CE6E40A1BC024F200A3DC8A /* Release */ = {
			isa = XCBuildConfiguration;
			buildSettings = {
				ASSETCATALOG_COMPILER_APPICON_NAME = AppIcon;
				CODE_SIGN_IDENTITY = "iPhone Developer";
				INFOPLIST_FILE = "DragProject(拖拽)/Info.plist";
				LD_RUNPATH_SEARCH_PATHS = "$(inherited) @executable_path/Frameworks";
				PRODUCT_BUNDLE_IDENTIFIER = "com.amberwhitesky-163.com.DragProject----";
				PRODUCT_NAME = "$(TARGET_NAME)";
			};
			name = Release;
		};
		3CE6E40C1BC024F200A3DC8A /* Debug */ = {
			isa = XCBuildConfiguration;
			buildSettings = {
				BUNDLE_LOADER = "$(TEST_HOST)";
				INFOPLIST_FILE = "DragProject(拖拽)Tests/Info.plist";
				LD_RUNPATH_SEARCH_PATHS = "$(inherited) @executable_path/Frameworks @loader_path/Frameworks";
				PRODUCT_BUNDLE_IDENTIFIER = "com.amberwhitesky-163.com.DragProject----Tests";
				PRODUCT_NAME = "$(TARGET_NAME)";
				TEST_HOST = "$(BUILT_PRODUCTS_DIR)/DragProject(拖拽).app/DragProject(拖拽)";
			};
			name = Debug;
		};
		3CE6E40D1BC024F200A3DC8A /* Release */ = {
			isa = XCBuildConfiguration;
			buildSettings = {
				BUNDLE_LOADER = "$(TEST_HOST)";
				INFOPLIST_FILE = "DragProject(拖拽)Tests/Info.plist";
				LD_RUNPATH_SEARCH_PATHS = "$(inherited) @executable_path/Frameworks @loader_path/Frameworks";
				PRODUCT_BUNDLE_IDENTIFIER = "com.amberwhitesky-163.com.DragProject----Tests";
				PRODUCT_NAME = "$(TARGET_NAME)";
				TEST_HOST = "$(BUILT_PRODUCTS_DIR)/DragProject(拖拽).app/DragProject(拖拽)";
			};
			name = Release;
		};
		3CE6E40F1BC024F200A3DC8A /* Debug */ = {
			isa = XCBuildConfiguration;
			buildSettings = {
				INFOPLIST_FILE = "DragProject(拖拽)UITests/Info.plist";
				LD_RUNPATH_SEARCH_PATHS = "$(inherited) @executable_path/Frameworks @loader_path/Frameworks";
				PRODUCT_BUNDLE_IDENTIFIER = "com.amberwhitesky-163.com.DragProject----UITests";
				PRODUCT_NAME = "$(TARGET_NAME)";
				TEST_TARGET_NAME = "DragProject(拖拽)";
				USES_XCTRUNNER = YES;
			};
			name = Debug;
		};
		3CE6E4101BC024F200A3DC8A /* Release */ = {
			isa = XCBuildConfiguration;
			buildSettings = {
				INFOPLIST_FILE = "DragProject(拖拽)UITests/Info.plist";
				LD_RUNPATH_SEARCH_PATHS = "$(inherited) @executable_path/Frameworks @loader_path/Frameworks";
				PRODUCT_BUNDLE_IDENTIFIER = "com.amberwhitesky-163.com.DragProject----UITests";
				PRODUCT_NAME = "$(TARGET_NAME)";
				TEST_TARGET_NAME = "DragProject(拖拽)";
				USES_XCTRUNNER = YES;
			};
			name = Release;
		};
/* End XCBuildConfiguration section */

/* Begin XCConfigurationList section */
		3CE6E3D61BC024F200A3DC8A /* Build configuration list for PBXProject "DragProject(拖拽)" */ = {
			isa = XCConfigurationList;
			buildConfigurations = (
				3CE6E4061BC024F200A3DC8A /* Debug */,
				3CE6E4071BC024F200A3DC8A /* Release */,
			);
			defaultConfigurationIsVisible = 0;
			defaultConfigurationName = Release;
		};
		3CE6E4081BC024F200A3DC8A /* Build configuration list for PBXNativeTarget "DragProject(拖拽)" */ = {
			isa = XCConfigurationList;
			buildConfigurations = (
				3CE6E4091BC024F200A3DC8A /* Debug */,
				3CE6E40A1BC024F200A3DC8A /* Release */,
			);
			defaultConfigurationIsVisible = 0;
		};
		3CE6E40B1BC024F200A3DC8A /* Build configuration list for PBXNativeTarget "DragProject(拖拽)Tests" */ = {
			isa = XCConfigurationList;
			buildConfigurations = (
				3CE6E40C1BC024F200A3DC8A /* Debug */,
				3CE6E40D1BC024F200A3DC8A /* Release */,
			);
			defaultConfigurationIsVisible = 0;
		};
		3CE6E40E1BC024F200A3DC8A /* Build configuration list for PBXNativeTarget "DragProject(拖拽)UITests" */ = {
			isa = XCConfigurationList;
			buildConfigurations = (
				3CE6E40F1BC024F200A3DC8A /* Debug */,
				3CE6E4101BC024F200A3DC8A /* Release */,
			);
			defaultConfigurationIsVisible = 0;
		};
/* End XCConfigurationList section */
	};
	rootObject = 3CE6E3D31BC024F200A3DC8A /* Project object */;
}
